
Microsoft Visual Studio Solution File, Format Version 12.00
# Visual Studio Version 17
VisualStudioVersion = 17.7.34221.43
MinimumVisualStudioVersion = 10.0.40219.1
Project("{FAE04EC0-301F-11D3-BF4B-00C04F79EFBC}") = "Cristian_Talos_Lab1", "Cristian_Talos_Lab1.csproj", "{B439F20F-9B06-42BF-A8B1-9991BAA7A39F}"
EndProject
Global
	GlobalSection(SolutionConfigurationPlatforms) = preSolution
		Debug|Any CPU = Debug|Any CPU
		Release|Any CPU = Release|Any CPU
	EndGlobalSection
	GlobalSection(ProjectConfigurationPlatforms) = postSolution
		{B439F20F-9B06-42BF-A8B1-9991BAA7A39F}.Debug|Any CPU.ActiveCfg = Debug|Any CPU
		{B439F20F-9B06-42BF-A8B1-9991BAA7A39F}.Debug|Any CPU.Build.0 = Debug|Any CPU
		{B439F20F-9B06-42BF-A8B1-9991BAA7A39F}.Release|Any CPU.ActiveCfg = Release|Any CPU
		{B439F20F-9B06-42BF-A8B1-9991BAA7A39F}.Release|Any CPU.Build.0 = Release|Any CPU
	EndGlobalSection
	GlobalSection(SolutionProperties) = preSolution
		HideSolutionNode = FALSE
	EndGlobalSection
	GlobalSection(ExtensibilityGlobals) = postSolution
		SolutionGuid = {FCABE82A-4E93-4D34-97D0-2A5DC37B69AA}
	EndGlobalSection
EndGlobal
